
Microsoft Visual Studio Solution File, Format Version 12.00
# Visual Studio Version 16
VisualStudioVersion = 16.0.31424.327
MinimumVisualStudioVersion = 10.0.40219.1
Project("{FAE04EC0-301F-11D3-BF4B-00C04F79EFBC}") = "ProjectUsingTypeScript", "ProjectUsingTypeScript.csproj", "{586A715C-E906-4F8D-9E57-E3FD7C5C8225}"
EndProject
Global
	GlobalSection(SolutionConfigurationPlatforms) = preSolution
		Debug|Any CPU = Debug|Any CPU
		Release|Any CPU = Release|Any CPU
	EndGlobalSection
	GlobalSection(ProjectConfigurationPlatforms) = postSolution
		{586A715C-E906-4F8D-9E57-E3FD7C5C8225}.Debug|Any CPU.ActiveCfg = Debug|Any CPU
		{586A715C-E906-4F8D-9E57-E3FD7C5C8225}.Debug|Any CPU.Build.0 = Debug|Any CPU
		{586A715C-E906-4F8D-9E57-E3FD7C5C8225}.Release|Any CPU.ActiveCfg = Release|Any CPU
		{586A715C-E906-4F8D-9E57-E3FD7C5C8225}.Release|Any CPU.Build.0 = Release|Any CPU
	EndGlobalSection
	GlobalSection(SolutionProperties) = preSolution
		HideSolutionNode = FALSE
	EndGlobalSection
	GlobalSection(ExtensibilityGlobals) = postSolution
		SolutionGuid = {12802B04-6335-466C-BA8D-01DD5D0A13B5}
	EndGlobalSection
EndGlobal
